// !$*UTF8*$!
{
	archiveVersion = 1;
	classes = {
	};
	objectVersion = 50;
	objects = {

/* Begin PBXBuildFile section */
		040BBE282381B594008AD449 /* toy_robot_vintage.usdz in Resources */ = {isa = PBXBuildFile; fileRef = 040BBE272381B594008AD449 /* toy_robot_vintage.usdz */; };
		040BBE312381B5C4008AD449 /* fender_stratocaster.usdz in Resources */ = {isa = PBXBuildFile; fileRef = 040BBE292381B5C2008AD449 /* fender_stratocaster.usdz */; };
		040BBE322381B5C4008AD449 /* teapot.usdz in Resources */ = {isa = PBXBuildFile; fileRef = 040BBE2A2381B5C2008AD449 /* teapot.usdz */; };
		040BBE332381B5C4008AD449 /* toy_car.usdz in Resources */ = {isa = PBXBuildFile; fileRef = 040BBE2B2381B5C2008AD449 /* toy_car.usdz */; };
		040BBE342381B5C4008AD449 /* toy_biplane.usdz in Resources */ = {isa = PBXBuildFile; fileRef = 040BBE2C2381B5C3008AD449 /* toy_biplane.usdz */; };
		040BBE352381B5C4008AD449 /* tv_retro.usdz in Resources */ = {isa = PBXBuildFile; fileRef = 040BBE2D2381B5C3008AD449 /* tv_retro.usdz */; };
		040BBE362381B5C4008AD449 /* gramophone.usdz in Resources */ = {isa = PBXBuildFile; fileRef = 040BBE2E2381B5C3008AD449 /* gramophone.usdz */; };
		040BBE372381B5C4008AD449 /* chair_swan.usdz in Resources */ = {isa = PBXBuildFile; fileRef = 040BBE2F2381B5C4008AD449 /* chair_swan.usdz */; };
		040BBE382381B5C4008AD449 /* toy_drummer.usdz in Resources */ = {isa = PBXBuildFile; fileRef = 040BBE302381B5C4008AD449 /* toy_drummer.usdz */; };
		04FB9F3623819F8100C7DF06 /* AppDelegate.swift in Sources */ = {isa = PBXBuildFile; fileRef = 04FB9F3523819F8100C7DF06 /* AppDelegate.swift */; };
		04FB9F3823819F8100C7DF06 /* PartOneViewController.swift in Sources */ = {isa = PBXBuildFile; fileRef = 04FB9F3723819F8100C7DF06 /* PartOneViewController.swift */; };
		04FB9F3A23819F8100C7DF06 /* Experience.rcproject in Sources */ = {isa = PBXBuildFile; fileRef = 04FB9F3923819F8100C7DF06 /* Experience.rcproject */; };
		04FB9F3D23819F8100C7DF06 /* Main.storyboard in Resources */ = {isa = PBXBuildFile; fileRef = 04FB9F3B23819F8100C7DF06 /* Main.storyboard */; };
		04FB9F3F23819F8300C7DF06 /* Assets.xcassets in Resources */ = {isa = PBXBuildFile; fileRef = 04FB9F3E23819F8300C7DF06 /* Assets.xcassets */; };
		04FB9F4223819F8300C7DF06 /* LaunchScreen.storyboard in Resources */ = {isa = PBXBuildFile; fileRef = 04FB9F4023819F8300C7DF06 /* LaunchScreen.storyboard */; };
		04FB9F4A2381A2B300C7DF06 /* PartTwoViewController.swift in Sources */ = {isa = PBXBuildFile; fileRef = 04FB9F492381A2B300C7DF06 /* PartTwoViewController.swift */; };
		04FB9F4E2381A4FE00C7DF06 /* BrewHelper.swift in Sources */ = {isa = PBXBuildFile; fileRef = 04FB9F4D2381A4FE00C7DF06 /* BrewHelper.swift */; };
/* End PBXBuildFile section */

/* Begin PBXFileReference section */
		040BBE272381B594008AD449 /* toy_robot_vintage.usdz */ = {isa = PBXFileReference; lastKnownFileType = file.usdz; path = toy_robot_vintage.usdz; sourceTree = "<group>"; };
		040BBE292381B5C2008AD449 /* fender_stratocaster.usdz */ = {isa = PBXFileReference; lastKnownFileType = file.usdz; path = fender_stratocaster.usdz; sourceTree = "<group>"; };
		040BBE2A2381B5C2008AD449 /* teapot.usdz */ = {isa = PBXFileReference; lastKnownFileType = file.usdz; path = teapot.usdz; sourceTree = "<group>"; };
		040BBE2B2381B5C2008AD449 /* toy_car.usdz */ = {isa = PBXFileReference; lastKnownFileType = file.usdz; path = toy_car.usdz; sourceTree = "<group>"; };
		040BBE2C2381B5C3008AD449 /* toy_biplane.usdz */ = {isa = PBXFileReference; lastKnownFileType = file.usdz; path = toy_biplane.usdz; sourceTree = "<group>"; };
		040BBE2D2381B5C3008AD449 /* tv_retro.usdz */ = {isa = PBXFileReference; lastKnownFileType = file.usdz; path = tv_retro.usdz; sourceTree = "<group>"; };
		040BBE2E2381B5C3008AD449 /* gramophone.usdz */ = {isa = PBXFileReference; lastKnownFileType = file.usdz; path = gramophone.usdz; sourceTree = "<group>"; };
		040BBE2F2381B5C4008AD449 /* chair_swan.usdz */ = {isa = PBXFileReference; lastKnownFileType = file.usdz; path = chair_swan.usdz; sourceTree = "<group>"; };
		040BBE302381B5C4008AD449 /* toy_drummer.usdz */ = {isa = PBXFileReference; lastKnownFileType = file.usdz; path = toy_drummer.usdz; sourceTree = "<group>"; };
		04FB9F3223819F8100C7DF06 /* Squeedbrew.app */ = {isa = PBXFileReference; explicitFileType = wrapper.application; includeInIndex = 0; path = Squeedbrew.app; sourceTree = BUILT_PRODUCTS_DIR; };
		04FB9F3523819F8100C7DF06 /* AppDelegate.swift */ = {isa = PBXFileReference; lastKnownFileType = sourcecode.swift; path = AppDelegate.swift; sourceTree = "<group>"; };
		04FB9F3723819F8100C7DF06 /* PartOneViewController.swift */ = {isa = PBXFileReference; lastKnownFileType = sourcecode.swift; path = PartOneViewController.swift; sourceTree = "<group>"; };
		04FB9F3923819F8100C7DF06 /* Experience.rcproject */ = {isa = PBXFileReference; lastKnownFileType = file.rcproject; path = Experience.rcproject; sourceTree = "<group>"; };
		04FB9F3C23819F8100C7DF06 /* Base */ = {isa = PBXFileReference; lastKnownFileType = file.storyboard; name = Base; path = Base.lproj/Main.storyboard; sourceTree = "<group>"; };
		04FB9F3E23819F8300C7DF06 /* Assets.xcassets */ = {isa = PBXFileReference; lastKnownFileType = folder.assetcatalog; path = Assets.xcassets; sourceTree = "<group>"; };
		04FB9F4123819F8300C7DF06 /* Base */ = {isa = PBXFileReference; lastKnownFileType = file.storyboard; name = Base; path = Base.lproj/LaunchScreen.storyboard; sourceTree = "<group>"; };
		04FB9F4323819F8300C7DF06 /* Info.plist */ = {isa = PBXFileReference; lastKnownFileType = text.plist.xml; path = Info.plist; sourceTree = "<group>"; };
		04FB9F492381A2B300C7DF06 /* PartTwoViewController.swift */ = {isa = PBXFileReference; lastKnownFileType = sourcecode.swift; path = PartTwoViewController.swift; sourceTree = "<group>"; };
		04FB9F4D2381A4FE00C7DF06 /* BrewHelper.swift */ = {isa = PBXFileReference; lastKnownFileType = sourcecode.swift; path = BrewHelper.swift; sourceTree = "<group>"; };
/* End PBXFileReference section */

/* Begin PBXFrameworksBuildPhase section */
		04FB9F2F23819F8100C7DF06 /* Frameworks */ = {
			isa = PBXFrameworksBuildPhase;
			buildActionMask = 2147483647;
			files = (
			);
			runOnlyForDeploymentPostprocessing = 0;
		};
/* End PBXFrameworksBuildPhase section */

/* Begin PBXGroup section */
		040BBE262381B581008AD449 /* Models */ = {
			isa = PBXGroup;
			children = (
				040BBE2F2381B5C4008AD449 /* chair_swan.usdz */,
				040BBE292381B5C2008AD449 /* fender_stratocaster.usdz */,
				040BBE2E2381B5C3008AD449 /* gramophone.usdz */,
				040BBE2A2381B5C2008AD449 /* teapot.usdz */,
				040BBE2C2381B5C3008AD449 /* toy_biplane.usdz */,
				040BBE2B2381B5C2008AD449 /* toy_car.usdz */,
				040BBE302381B5C4008AD449 /* toy_drummer.usdz */,
				040BBE2D2381B5C3008AD449 /* tv_retro.usdz */,
				040BBE272381B594008AD449 /* toy_robot_vintage.usdz */,
			);
			path = Models;
			sourceTree = "<group>";
		};
		04FB9F2923819F8100C7DF06 = {
			isa = PBXGroup;
			children = (
				04FB9F3423819F8100C7DF06 /* Squeedbrew */,
				04FB9F3323819F8100C7DF06 /* Products */,
			);
			sourceTree = "<group>";
		};
		04FB9F3323819F8100C7DF06 /* Products */ = {
			isa = PBXGroup;
			children = (
				04FB9F3223819F8100C7DF06 /* Squeedbrew.app */,
			);
			name = Products;
			sourceTree = "<group>";
		};
		04FB9F3423819F8100C7DF06 /* Squeedbrew */ = {
			isa = PBXGroup;
			children = (
				04FB9F4C2381A4CD00C7DF06 /* Part One */,
				04FB9F4B2381A4C200C7DF06 /* Part Two */,
				04FB9F3523819F8100C7DF06 /* AppDelegate.swift */,
				04FB9F4D2381A4FE00C7DF06 /* BrewHelper.swift */,
				04FB9F3B23819F8100C7DF06 /* Main.storyboard */,
				04FB9F3E23819F8300C7DF06 /* Assets.xcassets */,
				04FB9F4023819F8300C7DF06 /* LaunchScreen.storyboard */,
				04FB9F4323819F8300C7DF06 /* Info.plist */,
			);
			path = Squeedbrew;
			sourceTree = "<group>";
		};
		04FB9F4B2381A4C200C7DF06 /* Part Two */ = {
			isa = PBXGroup;
			children = (
				040BBE262381B581008AD449 /* Models */,
				04FB9F492381A2B300C7DF06 /* PartTwoViewController.swift */,
			);
			path = "Part Two";
			sourceTree = "<group>";
		};
		04FB9F4C2381A4CD00C7DF06 /* Part One */ = {
			isa = PBXGroup;
			children = (
				04FB9F3723819F8100C7DF06 /* PartOneViewController.swift */,
				04FB9F3923819F8100C7DF06 /* Experience.rcproject */,
			);
			path = "Part One";
			sourceTree = "<group>";
		};
/* End PBXGroup section */

/* Begin PBXNativeTarget section */
		04FB9F3123819F8100C7DF06 /* Squeedbrew */ = {
			isa = PBXNativeTarget;
			buildConfigurationList = 04FB9F4623819F8300C7DF06 /* Build configuration list for PBXNativeTarget "Squeedbrew" */;
			buildPhases = (
				04FB9F2E23819F8100C7DF06 /* Sources */,
				04FB9F2F23819F8100C7DF06 /* Frameworks */,
				04FB9F3023819F8100C7DF06 /* Resources */,
			);
			buildRules = (
			);
			dependencies = (
			);
			name = Squeedbrew;
			productName = Squeedbrew;
			productReference = 04FB9F3223819F8100C7DF06 /* Squeedbrew.app */;
			productType = "com.apple.product-type.application";
		};
/* End PBXNativeTarget section */

/* Begin PBXProject section */
		04FB9F2A23819F8100C7DF06 /* Project object */ = {
			isa = PBXProject;
			attributes = {
				LastSwiftUpdateCheck = 1120;
				LastUpgradeCheck = 1120;
				ORGANIZATIONNAME = Squeed;
				TargetAttributes = {
					04FB9F3123819F8100C7DF06 = {
						CreatedOnToolsVersion = 11.2;
					};
				};
			};
			buildConfigurationList = 04FB9F2D23819F8100C7DF06 /* Build configuration list for PBXProject "Squeedbrew" */;
			compatibilityVersion = "Xcode 9.3";
			developmentRegion = en;
			hasScannedForEncodings = 0;
			knownRegions = (
				en,
				Base,
			);
			mainGroup = 04FB9F2923819F8100C7DF06;
			productRefGroup = 04FB9F3323819F8100C7DF06 /* Products */;
			projectDirPath = "";
			projectRoot = "";
			targets = (
				04FB9F3123819F8100C7DF06 /* Squeedbrew */,
			);
		};
/* End PBXProject section */

/* Begin PBXResourcesBuildPhase section */
		04FB9F3023819F8100C7DF06 /* Resources */ = {
			isa = PBXResourcesBuildPhase;
			buildActionMask = 2147483647;
			files = (
				040BBE352381B5C4008AD449 /* tv_retro.usdz in Resources */,
				040BBE322381B5C4008AD449 /* teapot.usdz in Resources */,
				040BBE282381B594008AD449 /* toy_robot_vintage.usdz in Resources */,
				040BBE372381B5C4008AD449 /* chair_swan.usdz in Resources */,
				040BBE342381B5C4008AD449 /* toy_biplane.usdz in Resources */,
				040BBE332381B5C4008AD449 /* toy_car.usdz in Resources */,
				040BBE312381B5C4008AD449 /* fender_stratocaster.usdz in Resources */,
				04FB9F4223819F8300C7DF06 /* LaunchScreen.storyboard in Resources */,
				04FB9F3F23819F8300C7DF06 /* Assets.xcassets in Resources */,
				04FB9F3D23819F8100C7DF06 /* Main.storyboard in Resources */,
				040BBE362381B5C4008AD449 /* gramophone.usdz in Resources */,
				040BBE382381B5C4008AD449 /* toy_drummer.usdz in Resources */,
			);
			runOnlyForDeploymentPostprocessing = 0;
		};
/* End PBXResourcesBuildPhase section */

/* Begin PBXSourcesBuildPhase section */
		04FB9F2E23819F8100C7DF06 /* Sources */ = {
			isa = PBXSourcesBuildPhase;
			buildActionMask = 2147483647;
			files = (
				04FB9F4E2381A4FE00C7DF06 /* BrewHelper.swift in Sources */,
				04FB9F3823819F8100C7DF06 /* PartOneViewController.swift in Sources */,
				04FB9F3623819F8100C7DF06 /* AppDelegate.swift in Sources */,
				04FB9F4A2381A2B300C7DF06 /* PartTwoViewController.swift in Sources */,
				04FB9F3A23819F8100C7DF06 /* Experience.rcproject in Sources */,
			);
			runOnlyForDeploymentPostprocessing = 0;
		};
/* End PBXSourcesBuildPhase section */

/* Begin PBXVariantGroup section */
		04FB9F3B23819F8100C7DF06 /* Main.storyboard */ = {
			isa = PBXVariantGroup;
			children = (
				04FB9F3C23819F8100C7DF06 /* Base */,
			);
			name = Main.storyboard;
			sourceTree = "<group>";
		};
		04FB9F4023819F8300C7DF06 /* LaunchScreen.storyboard */ = {
			isa = PBXVariantGroup;
			children = (
				04FB9F4123819F8300C7DF06 /* Base */,
			);
			name = LaunchScreen.storyboard;
			sourceTree = "<group>";
		};
/* End PBXVariantGroup section */

/* Begin XCBuildConfiguration section */
		04FB9F4423819F8300C7DF06 /* Debug */ = {
			isa = XCBuildConfiguration;
			buildSettings = {
				ALWAYS_SEARCH_USER_PATHS = NO;
				CLANG_ANALYZER_NONNULL = YES;
				CLANG_ANALYZER_NUMBER_OBJECT_CONVERSION = YES_AGGRESSIVE;
				CLANG_CXX_LANGUAGE_STANDARD = "gnu++14";
				CLANG_CXX_LIBRARY = "libc++";
				CLANG_ENABLE_MODULES = YES;
				CLANG_ENABLE_OBJC_ARC = YES;
				CLANG_ENABLE_OBJC_WEAK = YES;
				CLANG_WARN_BLOCK_CAPTURE_AUTORELEASING = YES;
				CLANG_WARN_BOOL_CONVERSION = YES;
				CLANG_WARN_COMMA = YES;
				CLANG_WARN_CONSTANT_CONVERSION = YES;
				CLANG_WARN_DEPRECATED_OBJC_IMPLEMENTATIONS = YES;
				CLANG_WARN_DIRECT_OBJC_ISA_USAGE = YES_ERROR;
				CLANG_WARN_DOCUMENTATION_COMMENTS = YES;
				CLANG_WARN_EMPTY_BODY = YES;
				CLANG_WARN_ENUM_CONVERSION = YES;
				CLANG_WARN_INFINITE_RECURSION = YES;
				CLANG_WARN_INT_CONVERSION = YES;
				CLANG_WARN_NON_LITERAL_NULL_CONVERSION = YES;
				CLANG_WARN_OBJC_IMPLICIT_RETAIN_SELF = YES;
				CLANG_WARN_OBJC_LITERAL_CONVERSION = YES;
				CLANG_WARN_OBJC_ROOT_CLASS = YES_ERROR;
				CLANG_WARN_RANGE_LOOP_ANALYSIS = YES;
				CLANG_WARN_STRICT_PROTOTYPES = YES;
				CLANG_WARN_SUSPICIOUS_MOVE = YES;
				CLANG_WARN_UNGUARDED_AVAILABILITY = YES_AGGRESSIVE;
				CLANG_WARN_UNREACHABLE_CODE = YES;
				CLANG_WARN__DUPLICATE_METHOD_MATCH = YES;
				COPY_PHASE_STRIP = NO;
				DEBUG_INFORMATION_FORMAT = dwarf;
				ENABLE_STRICT_OBJC_MSGSEND = YES;
				ENABLE_TESTABILITY = YES;
				GCC_C_LANGUAGE_STANDARD = gnu11;
				GCC_DYNAMIC_NO_PIC = NO;
				GCC_NO_COMMON_BLOCKS = YES;
				GCC_OPTIMIZATION_LEVEL = 0;
				GCC_PREPROCESSOR_DEFINITIONS = (
					"DEBUG=1",
					"$(inherited)",
				);
				GCC_WARN_64_TO_32_BIT_CONVERSION = YES;
				GCC_WARN_ABOUT_RETURN_TYPE = YES_ERROR;
				GCC_WARN_UNDECLARED_SELECTOR = YES;
				GCC_WARN_UNINITIALIZED_AUTOS = YES_AGGRESSIVE;
				GCC_WARN_UNUSED_FUNCTION = YES;
				GCC_WARN_UNUSED_VARIABLE = YES;
				IPHONEOS_DEPLOYMENT_TARGET = 13.2;
				MTL_ENABLE_DEBUG_INFO = INCLUDE_SOURCE;
				MTL_FAST_MATH = YES;
				ONLY_ACTIVE_ARCH = YES;
				SDKROOT = iphoneos;
				SWIFT_ACTIVE_COMPILATION_CONDITIONS = DEBUG;
				SWIFT_OPTIMIZATION_LEVEL = "-Onone";
			};
			name = Debug;
		};
		04FB9F4523819F8300C7DF06 /* Release */ = {
			isa = XCBuildConfiguration;
			buildSettings = {
				ALWAYS_SEARCH_USER_PATHS = NO;
				CLANG_ANALYZER_NONNULL = YES;
				CLANG_ANALYZER_NUMBER_OBJECT_CONVERSION = YES_AGGRESSIVE;
				CLANG_CXX_LANGUAGE_STANDARD = "gnu++14";
				CLANG_CXX_LIBRARY = "libc++";
				CLANG_ENABLE_MODULES = YES;
				CLANG_ENABLE_OBJC_ARC = YES;
				CLANG_ENABLE_OBJC_WEAK = YES;
				CLANG_WARN_BLOCK_CAPTURE_AUTORELEASING = YES;
				CLANG_WARN_BOOL_CONVERSION = YES;
				CLANG_WARN_COMMA = YES;
				CLANG_WARN_CONSTANT_CONVERSION = YES;
				CLANG_WARN_DEPRECATED_OBJC_IMPLEMENTATIONS = YES;
				CLANG_WARN_DIRECT_OBJC_ISA_USAGE = YES_ERROR;
				CLANG_WARN_DOCUMENTATION_COMMENTS = YES;
				CLANG_WARN_EMPTY_BODY = YES;
				CLANG_WARN_ENUM_CONVERSION = YES;
				CLANG_WARN_INFINITE_RECURSION = YES;
				CLANG_WARN_INT_CONVERSION = YES;
				CLANG_WARN_NON_LITERAL_NULL_CONVERSION = YES;
				CLANG_WARN_OBJC_IMPLICIT_RETAIN_SELF = YES;
				CLANG_WARN_OBJC_LITERAL_CONVERSION = YES;
				CLANG_WARN_OBJC_ROOT_CLASS = YES_ERROR;
				CLANG_WARN_RANGE_LOOP_ANALYSIS = YES;
				CLANG_WARN_STRICT_PROTOTYPES = YES;
				CLANG_WARN_SUSPICIOUS_MOVE = YES;
				CLANG_WARN_UNGUARDED_AVAILABILITY = YES_AGGRESSIVE;
				CLANG_WARN_UNREACHABLE_CODE = YES;
				CLANG_WARN__DUPLICATE_METHOD_MATCH = YES;
				COPY_PHASE_STRIP = NO;
				DEBUG_INFORMATION_FORMAT = "dwarf-with-dsym";
				ENABLE_NS_ASSERTIONS = NO;
				ENABLE_STRICT_OBJC_MSGSEND = YES;
				GCC_C_LANGUAGE_STANDARD = gnu11;
				GCC_NO_COMMON_BLOCKS = YES;
				GCC_WARN_64_TO_32_BIT_CONVERSION = YES;
				GCC_WARN_ABOUT_RETURN_TYPE = YES_ERROR;
				GCC_WARN_UNDECLARED_SELECTOR = YES;
				GCC_WARN_UNINITIALIZED_AUTOS = YES_AGGRESSIVE;
				GCC_WARN_UNUSED_FUNCTION = YES;
				GCC_WARN_UNUSED_VARIABLE = YES;
				IPHONEOS_DEPLOYMENT_TARGET = 13.2;
				MTL_ENABLE_DEBUG_INFO = NO;
				MTL_FAST_MATH = YES;
				SDKROOT = iphoneos;
				SWIFT_COMPILATION_MODE = wholemodule;
				SWIFT_OPTIMIZATION_LEVEL = "-O";
				VALIDATE_PRODUCT = YES;
			};
			name = Release;
		};
		04FB9F4723819F8300C7DF06 /* Debug */ = {
			isa = XCBuildConfiguration;
			buildSettings = {
				ASSETCATALOG_COMPILER_APPICON_NAME = AppIcon;
				CODE_SIGN_STYLE = Automatic;
				DEVELOPMENT_TEAM = 9K7CA73B92;
				INFOPLIST_FILE = Squeedbrew/Info.plist;
				LD_RUNPATH_SEARCH_PATHS = (
					"$(inherited)",
					"@executable_path/Frameworks",
				);
				PRODUCT_BUNDLE_IDENTIFIER = com.squeed.Squeedbrew;
				PRODUCT_NAME = "$(TARGET_NAME)";
				SWIFT_VERSION = 5.0;
				TARGETED_DEVICE_FAMILY = "1,2";
			};
			name = Debug;
		};
		04FB9F4823819F8300C7DF06 /* Release */ = {
			isa = XCBuildConfiguration;
			buildSettings = {
				ASSETCATALOG_COMPILER_APPICON_NAME = AppIcon;
				CODE_SIGN_STYLE = Automatic;
				DEVELOPMENT_TEAM = 9K7CA73B92;
				INFOPLIST_FILE = Squeedbrew/Info.plist;
				LD_RUNPATH_SEARCH_PATHS = (
					"$(inherited)",
					"@executable_path/Frameworks",
				);
				PRODUCT_BUNDLE_IDENTIFIER = com.squeed.Squeedbrew;
				PRODUCT_NAME = "$(TARGET_NAME)";
				SWIFT_VERSION = 5.0;
				TARGETED_DEVICE_FAMILY = "1,2";
			};
			name = Release;
		};
/* End XCBuildConfiguration section */

/* Begin XCConfigurationList section */
		04FB9F2D23819F8100C7DF06 /* Build configuration list for PBXProject "Squeedbrew" */ = {
			isa = XCConfigurationList;
			buildConfigurations = (
				04FB9F4423819F8300C7DF06 /* Debug */,
				04FB9F4523819F8300C7DF06 /* Release */,
			);
			defaultConfigurationIsVisible = 0;
			defaultConfigurationName = Release;
		};
		04FB9F4623819F8300C7DF06 /* Build configuration list for PBXNativeTarget "Squeedbrew" */ = {
			isa = XCConfigurationList;
			buildConfigurations = (
				04FB9F4723819F8300C7DF06 /* Debug */,
				04FB9F4823819F8300C7DF06 /* Release */,
			);
			defaultConfigurationIsVisible = 0;
			defaultConfigurationName = Release;
		};
/* End XCConfigurationList section */
	};
	rootObject = 04FB9F2A23819F8100C7DF06 /* Project object */;
}
